// !$*UTF8*$!
{
	archiveVersion = 1;
	classes = {
	};
	objectVersion = 56;
	objects = {

/* Begin PBXBuildFile section */
		610935F22C8D5D940007967E /* SettingsView.swift in Sources */ = {isa = PBXBuildFile; fileRef = 610935F12C8D5D940007967E /* SettingsView.swift */; };
		610935F62C8D5FE20007967E /* Trainor.swift in Sources */ = {isa = PBXBuildFile; fileRef = 610935F52C8D5FE20007967E /* Trainor.swift */; };
		612D5C542C92F68400880B32 /* HealthStore.swift in Sources */ = {isa = PBXBuildFile; fileRef = 612D5C532C92F68400880B32 /* HealthStore.swift */; };
		614523422C86B0D1000BD443 /* FronteggSwift in Frameworks */ = {isa = PBXBuildFile; productRef = 614523412C86B0D1000BD443 /* FronteggSwift */; };
		614523462C86B4CA000BD443 /* FronteggSwift in Frameworks */ = {isa = PBXBuildFile; productRef = 614523452C86B4CA000BD443 /* FronteggSwift */; };
		615837BF2C950523000D87BC /* WorkoutService.swift in Sources */ = {isa = PBXBuildFile; fileRef = 615837BE2C950523000D87BC /* WorkoutService.swift */; };
		615837C72C9509A6000D87BC /* SharkWatchApp.swift in Sources */ = {isa = PBXBuildFile; fileRef = 615837C62C9509A6000D87BC /* SharkWatchApp.swift */; };
		615837C92C9509A6000D87BC /* ContentView.swift in Sources */ = {isa = PBXBuildFile; fileRef = 615837C82C9509A6000D87BC /* ContentView.swift */; };
		615837CB2C9509A8000D87BC /* Assets.xcassets in Resources */ = {isa = PBXBuildFile; fileRef = 615837CA2C9509A8000D87BC /* Assets.xcassets */; };
		615837CE2C9509A8000D87BC /* Preview Assets.xcassets in Resources */ = {isa = PBXBuildFile; fileRef = 615837CD2C9509A8000D87BC /* Preview Assets.xcassets */; };
		615837D12C9509A8000D87BC /* SharkWatch Watch App.app in Embed Watch Content */ = {isa = PBXBuildFile; fileRef = 615837C42C9509A6000D87BC /* SharkWatch Watch App.app */; settings = {ATTRIBUTES = (RemoveHeadersOnCopy, ); }; };
		617219232C9511A600D39097 /* WCSessionDelegate.swift in Sources */ = {isa = PBXBuildFile; fileRef = 617219222C9511A600D39097 /* WCSessionDelegate.swift */; };
		617219262C951B7300D39097 /* MainView.swift in Sources */ = {isa = PBXBuildFile; fileRef = 617219252C951B7300D39097 /* MainView.swift */; };
		618293E32C880C9B001DFFE5 /* AppView.swift in Sources */ = {isa = PBXBuildFile; fileRef = 618293C52C880C9B001DFFE5 /* AppView.swift */; };
		618293E42C880C9B001DFFE5 /* Frontegg.plist in Resources */ = {isa = PBXBuildFile; fileRef = 618293C62C880C9B001DFFE5 /* Frontegg.plist */; };
		618293E52C880C9B001DFFE5 /* Shart_IOSApp.swift in Sources */ = {isa = PBXBuildFile; fileRef = 618293C72C880C9B001DFFE5 /* Shart_IOSApp.swift */; };
		618293E62C880C9B001DFFE5 /* Assets.xcassets in Resources */ = {isa = PBXBuildFile; fileRef = 618293C82C880C9B001DFFE5 /* Assets.xcassets */; };
		618293E72C880C9B001DFFE5 /* NetworkError.swift in Sources */ = {isa = PBXBuildFile; fileRef = 618293CA2C880C9B001DFFE5 /* NetworkError.swift */; };
		618293E82C880C9B001DFFE5 /* Workout.swift in Sources */ = {isa = PBXBuildFile; fileRef = 618293CC2C880C9B001DFFE5 /* Workout.swift */; };
		618293E92C880C9B001DFFE5 /* Exercise.swift in Sources */ = {isa = PBXBuildFile; fileRef = 618293CD2C880C9B001DFFE5 /* Exercise.swift */; };
		618293EA2C880C9B001DFFE5 /* Program.swift in Sources */ = {isa = PBXBuildFile; fileRef = 618293CE2C880C9B001DFFE5 /* Program.swift */; };
		618293EB2C880C9B001DFFE5 /* Set.swift in Sources */ = {isa = PBXBuildFile; fileRef = 618293CF2C880C9B001DFFE5 /* Set.swift */; };
		618293EC2C880C9B001DFFE5 /* Preview Assets.xcassets in Resources */ = {isa = PBXBuildFile; fileRef = 618293D12C880C9B001DFFE5 /* Preview Assets.xcassets */; };
		618293ED2C880C9B001DFFE5 /* WorkoutsView.swift in Sources */ = {isa = PBXBuildFile; fileRef = 618293D42C880C9B001DFFE5 /* WorkoutsView.swift */; };
		618293EE2C880C9B001DFFE5 /* WelcomeView.swift in Sources */ = {isa = PBXBuildFile; fileRef = 618293D52C880C9B001DFFE5 /* WelcomeView.swift */; };
		618293EF2C880C9B001DFFE5 /* ProgramDetailsView.swift in Sources */ = {isa = PBXBuildFile; fileRef = 618293D72C880C9B001DFFE5 /* ProgramDetailsView.swift */; };
		618293F02C880C9B001DFFE5 /* ProgramsView.swift in Sources */ = {isa = PBXBuildFile; fileRef = 618293D82C880C9B001DFFE5 /* ProgramsView.swift */; };
		618293F12C880C9B001DFFE5 /* ExerciseView.swift in Sources */ = {isa = PBXBuildFile; fileRef = 618293DA2C880C9B001DFFE5 /* ExerciseView.swift */; };
		618293F22C880C9B001DFFE5 /* SetsCardView.swift in Sources */ = {isa = PBXBuildFile; fileRef = 618293DC2C880C9B001DFFE5 /* SetsCardView.swift */; };
		618293F32C880C9B001DFFE5 /* SharkView.swift in Sources */ = {isa = PBXBuildFile; fileRef = 618293DD2C880C9B001DFFE5 /* SharkView.swift */; };
		618293F42C880C9B001DFFE5 /* AnalyticsView.swift in Sources */ = {isa = PBXBuildFile; fileRef = 618293DF2C880C9B001DFFE5 /* AnalyticsView.swift */; };
		618293F52C880C9B001DFFE5 /* ContentView.swift in Sources */ = {isa = PBXBuildFile; fileRef = 618293E02C880C9B001DFFE5 /* ContentView.swift */; };
		618293F62C880C9B001DFFE5 /* ProgramService.swift in Sources */ = {isa = PBXBuildFile; fileRef = 618293E22C880C9B001DFFE5 /* ProgramService.swift */; };
/* End PBXBuildFile section */

/* Begin PBXContainerItemProxy section */
		615837CF2C9509A8000D87BC /* PBXContainerItemProxy */ = {
			isa = PBXContainerItemProxy;
			containerPortal = 614523252C86AFB8000BD443 /* Project object */;
			proxyType = 1;
			remoteGlobalIDString = 615837C32C9509A6000D87BC;
			remoteInfo = "SharkWatch Watch App";
		};
/* End PBXContainerItemProxy section */

/* Begin PBXCopyFilesBuildPhase section */
		615837D52C9509A8000D87BC /* Embed Watch Content */ = {
			isa = PBXCopyFilesBuildPhase;
			buildActionMask = 2147483647;
			dstPath = "$(CONTENTS_FOLDER_PATH)/Watch";
			dstSubfolderSpec = 16;
			files = (
				615837D12C9509A8000D87BC /* SharkWatch Watch App.app in Embed Watch Content */,
			);
			name = "Embed Watch Content";
			runOnlyForDeploymentPostprocessing = 0;
		};
/* End PBXCopyFilesBuildPhase section */

/* Begin PBXFileReference section */
		610935F12C8D5D940007967E /* SettingsView.swift */ = {isa = PBXFileReference; lastKnownFileType = sourcecode.swift; path = SettingsView.swift; sourceTree = "<group>"; };
		610935F52C8D5FE20007967E /* Trainor.swift */ = {isa = PBXFileReference; fileEncoding = 4; lastKnownFileType = sourcecode.swift; path = Trainor.swift; sourceTree = "<group>"; };
		612D5C522C927F1F00880B32 /* Shark-IOS.entitlements */ = {isa = PBXFileReference; lastKnownFileType = text.plist.entitlements; name = "Shark-IOS.entitlements"; path = "Shark-IOS/Shark-IOS.entitlements"; sourceTree = "<group>"; };
		612D5C532C92F68400880B32 /* HealthStore.swift */ = {isa = PBXFileReference; lastKnownFileType = sourcecode.swift; path = HealthStore.swift; sourceTree = "<group>"; };
		6145232D2C86AFB8000BD443 /* Shark-IOS.app */ = {isa = PBXFileReference; explicitFileType = wrapper.application; includeInIndex = 0; path = "Shark-IOS.app"; sourceTree = BUILT_PRODUCTS_DIR; };
		615837BD2C94FDA7000D87BC /* Info.plist */ = {isa = PBXFileReference; lastKnownFileType = text.plist; name = Info.plist; path = "Shark-IOS/Info.plist"; sourceTree = "<group>"; };
		615837BE2C950523000D87BC /* WorkoutService.swift */ = {isa = PBXFileReference; lastKnownFileType = sourcecode.swift; path = WorkoutService.swift; sourceTree = "<group>"; };
		615837C42C9509A6000D87BC /* SharkWatch Watch App.app */ = {isa = PBXFileReference; explicitFileType = wrapper.application; includeInIndex = 0; path = "SharkWatch Watch App.app"; sourceTree = BUILT_PRODUCTS_DIR; };
		615837C62C9509A6000D87BC /* SharkWatchApp.swift */ = {isa = PBXFileReference; lastKnownFileType = sourcecode.swift; path = SharkWatchApp.swift; sourceTree = "<group>"; };
		615837C82C9509A6000D87BC /* ContentView.swift */ = {isa = PBXFileReference; lastKnownFileType = sourcecode.swift; path = ContentView.swift; sourceTree = "<group>"; };
		615837CA2C9509A8000D87BC /* Assets.xcassets */ = {isa = PBXFileReference; lastKnownFileType = folder.assetcatalog; path = Assets.xcassets; sourceTree = "<group>"; };
		615837CD2C9509A8000D87BC /* Preview Assets.xcassets */ = {isa = PBXFileReference; lastKnownFileType = folder.assetcatalog; path = "Preview Assets.xcassets"; sourceTree = "<group>"; };
		617219222C9511A600D39097 /* WCSessionDelegate.swift */ = {isa = PBXFileReference; lastKnownFileType = sourcecode.swift; path = WCSessionDelegate.swift; sourceTree = "<group>"; };
		617219252C951B7300D39097 /* MainView.swift */ = {isa = PBXFileReference; lastKnownFileType = sourcecode.swift; path = MainView.swift; sourceTree = "<group>"; };
		618293C52C880C9B001DFFE5 /* AppView.swift */ = {isa = PBXFileReference; fileEncoding = 4; lastKnownFileType = sourcecode.swift; path = AppView.swift; sourceTree = "<group>"; };
		618293C62C880C9B001DFFE5 /* Frontegg.plist */ = {isa = PBXFileReference; fileEncoding = 4; lastKnownFileType = text.plist.xml; path = Frontegg.plist; sourceTree = "<group>"; };
		618293C72C880C9B001DFFE5 /* Shart_IOSApp.swift */ = {isa = PBXFileReference; fileEncoding = 4; lastKnownFileType = sourcecode.swift; path = Shart_IOSApp.swift; sourceTree = "<group>"; };
		618293C82C880C9B001DFFE5 /* Assets.xcassets */ = {isa = PBXFileReference; lastKnownFileType = folder.assetcatalog; path = Assets.xcassets; sourceTree = "<group>"; };
		618293CA2C880C9B001DFFE5 /* NetworkError.swift */ = {isa = PBXFileReference; fileEncoding = 4; lastKnownFileType = sourcecode.swift; path = NetworkError.swift; sourceTree = "<group>"; };
		618293CC2C880C9B001DFFE5 /* Workout.swift */ = {isa = PBXFileReference; fileEncoding = 4; lastKnownFileType = sourcecode.swift; path = Workout.swift; sourceTree = "<group>"; };
		618293CD2C880C9B001DFFE5 /* Exercise.swift */ = {isa = PBXFileReference; fileEncoding = 4; lastKnownFileType = sourcecode.swift; path = Exercise.swift; sourceTree = "<group>"; };
		618293CE2C880C9B001DFFE5 /* Program.swift */ = {isa = PBXFileReference; fileEncoding = 4; lastKnownFileType = sourcecode.swift; path = Program.swift; sourceTree = "<group>"; };
		618293CF2C880C9B001DFFE5 /* Set.swift */ = {isa = PBXFileReference; fileEncoding = 4; lastKnownFileType = sourcecode.swift; path = Set.swift; sourceTree = "<group>"; };
		618293D12C880C9B001DFFE5 /* Preview Assets.xcassets */ = {isa = PBXFileReference; lastKnownFileType = folder.assetcatalog; path = "Preview Assets.xcassets"; sourceTree = "<group>"; };
		618293D42C880C9B001DFFE5 /* WorkoutsView.swift */ = {isa = PBXFileReference; fileEncoding = 4; lastKnownFileType = sourcecode.swift; path = WorkoutsView.swift; sourceTree = "<group>"; };
		618293D52C880C9B001DFFE5 /* WelcomeView.swift */ = {isa = PBXFileReference; fileEncoding = 4; lastKnownFileType = sourcecode.swift; path = WelcomeView.swift; sourceTree = "<group>"; };
		618293D72C880C9B001DFFE5 /* ProgramDetailsView.swift */ = {isa = PBXFileReference; fileEncoding = 4; lastKnownFileType = sourcecode.swift; path = ProgramDetailsView.swift; sourceTree = "<group>"; };
		618293D82C880C9B001DFFE5 /* ProgramsView.swift */ = {isa = PBXFileReference; fileEncoding = 4; lastKnownFileType = sourcecode.swift; path = ProgramsView.swift; sourceTree = "<group>"; };
		618293DA2C880C9B001DFFE5 /* ExerciseView.swift */ = {isa = PBXFileReference; fileEncoding = 4; lastKnownFileType = sourcecode.swift; path = ExerciseView.swift; sourceTree = "<group>"; };
		618293DC2C880C9B001DFFE5 /* SetsCardView.swift */ = {isa = PBXFileReference; fileEncoding = 4; lastKnownFileType = sourcecode.swift; path = SetsCardView.swift; sourceTree = "<group>"; };
		618293DD2C880C9B001DFFE5 /* SharkView.swift */ = {isa = PBXFileReference; fileEncoding = 4; lastKnownFileType = sourcecode.swift; path = SharkView.swift; sourceTree = "<group>"; };
		618293DF2C880C9B001DFFE5 /* AnalyticsView.swift */ = {isa = PBXFileReference; fileEncoding = 4; lastKnownFileType = sourcecode.swift; path = AnalyticsView.swift; sourceTree = "<group>"; };
		618293E02C880C9B001DFFE5 /* ContentView.swift */ = {isa = PBXFileReference; fileEncoding = 4; lastKnownFileType = sourcecode.swift; path = ContentView.swift; sourceTree = "<group>"; };
		618293E22C880C9B001DFFE5 /* ProgramService.swift */ = {isa = PBXFileReference; fileEncoding = 4; lastKnownFileType = sourcecode.swift; path = ProgramService.swift; sourceTree = "<group>"; };
/* End PBXFileReference section */

/* Begin PBXFrameworksBuildPhase section */
		6145232A2C86AFB8000BD443 /* Frameworks */ = {
			isa = PBXFrameworksBuildPhase;
			buildActionMask = 2147483647;
			files = (
				614523462C86B4CA000BD443 /* FronteggSwift in Frameworks */,
				614523422C86B0D1000BD443 /* FronteggSwift in Frameworks */,
			);
			runOnlyForDeploymentPostprocessing = 0;
		};
		615837C12C9509A6000D87BC /* Frameworks */ = {
			isa = PBXFrameworksBuildPhase;
			buildActionMask = 2147483647;
			files = (
			);
			runOnlyForDeploymentPostprocessing = 0;
		};
/* End PBXFrameworksBuildPhase section */

/* Begin PBXGroup section */
		610935F02C8D5D880007967E /* Settings */ = {
			isa = PBXGroup;
			children = (
				610935F12C8D5D940007967E /* SettingsView.swift */,
			);
			path = Settings;
			sourceTree = "<group>";
		};
		614523242C86AFB8000BD443 = {
			isa = PBXGroup;
			children = (
				615837BD2C94FDA7000D87BC /* Info.plist */,
				612D5C522C927F1F00880B32 /* Shark-IOS.entitlements */,
				618293C42C880C9B001DFFE5 /* SharK-IOS */,
				615837C52C9509A6000D87BC /* SharkWatch Watch App */,
				6145232E2C86AFB8000BD443 /* Products */,
			);
			sourceTree = "<group>";
		};
		6145232E2C86AFB8000BD443 /* Products */ = {
			isa = PBXGroup;
			children = (
				6145232D2C86AFB8000BD443 /* Shark-IOS.app */,
				615837C42C9509A6000D87BC /* SharkWatch Watch App.app */,
			);
			name = Products;
			sourceTree = "<group>";
		};
		615837C52C9509A6000D87BC /* SharkWatch Watch App */ = {
			isa = PBXGroup;
			children = (
				617219242C951B6900D39097 /* Views */,
				617219202C95119200D39097 /* Models */,
				615837C62C9509A6000D87BC /* SharkWatchApp.swift */,
				615837C82C9509A6000D87BC /* ContentView.swift */,
				615837CA2C9509A8000D87BC /* Assets.xcassets */,
				615837CC2C9509A8000D87BC /* Preview Content */,
			);
			path = "SharkWatch Watch App";
			sourceTree = "<group>";
		};
		615837CC2C9509A8000D87BC /* Preview Content */ = {
			isa = PBXGroup;
			children = (
				615837CD2C9509A8000D87BC /* Preview Assets.xcassets */,
			);
			path = "Preview Content";
			sourceTree = "<group>";
		};
		617219202C95119200D39097 /* Models */ = {
			isa = PBXGroup;
			children = (
				617219222C9511A600D39097 /* WCSessionDelegate.swift */,
			);
			path = Models;
			sourceTree = "<group>";
		};
		617219242C951B6900D39097 /* Views */ = {
			isa = PBXGroup;
			children = (
				617219252C951B7300D39097 /* MainView.swift */,
			);
			path = Views;
			sourceTree = "<group>";
		};
		618293C42C880C9B001DFFE5 /* SharK-IOS */ = {
			isa = PBXGroup;
			children = (
				618293C52C880C9B001DFFE5 /* AppView.swift */,
				618293C62C880C9B001DFFE5 /* Frontegg.plist */,
				618293C72C880C9B001DFFE5 /* Shart_IOSApp.swift */,
				618293C82C880C9B001DFFE5 /* Assets.xcassets */,
				618293C92C880C9B001DFFE5 /* Shared */,
				618293CB2C880C9B001DFFE5 /* Models */,
				618293D02C880C9B001DFFE5 /* Preview Content */,
				618293D22C880C9B001DFFE5 /* Views */,
				618293E02C880C9B001DFFE5 /* ContentView.swift */,
				618293E12C880C9B001DFFE5 /* Services */,
			);
			path = "SharK-IOS";
			sourceTree = "<group>";
		};
		618293C92C880C9B001DFFE5 /* Shared */ = {
			isa = PBXGroup;
			children = (
				618293CA2C880C9B001DFFE5 /* NetworkError.swift */,
				612D5C532C92F68400880B32 /* HealthStore.swift */,
			);
			path = Shared;
			sourceTree = "<group>";
		};
		618293CB2C880C9B001DFFE5 /* Models */ = {
			isa = PBXGroup;
			children = (
				610935F52C8D5FE20007967E /* Trainor.swift */,
				618293CC2C880C9B001DFFE5 /* Workout.swift */,
				618293CD2C880C9B001DFFE5 /* Exercise.swift */,
				618293CE2C880C9B001DFFE5 /* Program.swift */,
				618293CF2C880C9B001DFFE5 /* Set.swift */,
			);
			path = Models;
			sourceTree = "<group>";
		};
		618293D02C880C9B001DFFE5 /* Preview Content */ = {
			isa = PBXGroup;
			children = (
				618293D12C880C9B001DFFE5 /* Preview Assets.xcassets */,
			);
			path = "Preview Content";
			sourceTree = "<group>";
		};
		618293D22C880C9B001DFFE5 /* Views */ = {
			isa = PBXGroup;
			children = (
				610935F02C8D5D880007967E /* Settings */,
				618293DE2C880C9B001DFFE5 /* Analytics */,
				618293D92C880C9B001DFFE5 /* Exercises */,
				618293D32C880C9B001DFFE5 /* Workouts */,
				618293D62C880C9B001DFFE5 /* Programs */,
				618293DB2C880C9B001DFFE5 /* Sets */,
				618293DD2C880C9B001DFFE5 /* SharkView.swift */,
			);
			path = Views;
			sourceTree = "<group>";
		};
		618293D32C880C9B001DFFE5 /* Workouts */ = {
			isa = PBXGroup;
			children = (
				618293D42C880C9B001DFFE5 /* WorkoutsView.swift */,
			);
			path = Workouts;
			sourceTree = "<group>";
		};
		618293D62C880C9B001DFFE5 /* Programs */ = {
			isa = PBXGroup;
			children = (
				618293D72C880C9B001DFFE5 /* ProgramDetailsView.swift */,
				618293D82C880C9B001DFFE5 /* ProgramsView.swift */,
			);
			path = Programs;
			sourceTree = "<group>";
		};
		618293D92C880C9B001DFFE5 /* Exercises */ = {
			isa = PBXGroup;
			children = (
				618293DA2C880C9B001DFFE5 /* ExerciseView.swift */,
			);
			path = Exercises;
			sourceTree = "<group>";
		};
		618293DB2C880C9B001DFFE5 /* Sets */ = {
			isa = PBXGroup;
			children = (
				618293D52C880C9B001DFFE5 /* WelcomeView.swift */,
				618293DC2C880C9B001DFFE5 /* SetsCardView.swift */,
			);
			path = Sets;
			sourceTree = "<group>";
		};
		618293DE2C880C9B001DFFE5 /* Analytics */ = {
			isa = PBXGroup;
			children = (
				618293DF2C880C9B001DFFE5 /* AnalyticsView.swift */,
			);
			path = Analytics;
			sourceTree = "<group>";
		};
		618293E12C880C9B001DFFE5 /* Services */ = {
			isa = PBXGroup;
			children = (
				618293E22C880C9B001DFFE5 /* ProgramService.swift */,
				615837BE2C950523000D87BC /* WorkoutService.swift */,
			);
			path = Services;
			sourceTree = "<group>";
		};
/* End PBXGroup section */

/* Begin PBXNativeTarget section */
		6145232C2C86AFB8000BD443 /* Shark-IOS */ = {
			isa = PBXNativeTarget;
			buildConfigurationList = 6145233B2C86AFBA000BD443 /* Build configuration list for PBXNativeTarget "Shark-IOS" */;
			buildPhases = (
				614523292C86AFB8000BD443 /* Sources */,
				6145232A2C86AFB8000BD443 /* Frameworks */,
				6145232B2C86AFB8000BD443 /* Resources */,
				615837D52C9509A8000D87BC /* Embed Watch Content */,
			);
			buildRules = (
			);
			dependencies = (
				615837D02C9509A8000D87BC /* PBXTargetDependency */,
			);
			name = "Shark-IOS";
			packageProductDependencies = (
				614523412C86B0D1000BD443 /* FronteggSwift */,
				614523452C86B4CA000BD443 /* FronteggSwift */,
			);
			productName = "Shart-IOS";
			productReference = 6145232D2C86AFB8000BD443 /* Shark-IOS.app */;
			productType = "com.apple.product-type.application";
		};
		615837C32C9509A6000D87BC /* SharkWatch Watch App */ = {
			isa = PBXNativeTarget;
			buildConfigurationList = 615837D22C9509A8000D87BC /* Build configuration list for PBXNativeTarget "SharkWatch Watch App" */;
			buildPhases = (
				615837C02C9509A6000D87BC /* Sources */,
				615837C12C9509A6000D87BC /* Frameworks */,
				615837C22C9509A6000D87BC /* Resources */,
			);
			buildRules = (
			);
			dependencies = (
			);
			name = "SharkWatch Watch App";
			productName = "SharkWatch Watch App";
			productReference = 615837C42C9509A6000D87BC /* SharkWatch Watch App.app */;
			productType = "com.apple.product-type.application";
		};
/* End PBXNativeTarget section */

/* Begin PBXProject section */
		614523252C86AFB8000BD443 /* Project object */ = {
			isa = PBXProject;
			attributes = {
				BuildIndependentTargetsInParallel = 1;
				LastSwiftUpdateCheck = 1540;
				LastUpgradeCheck = 1510;
				TargetAttributes = {
					6145232C2C86AFB8000BD443 = {
						CreatedOnToolsVersion = 15.1;
					};
					615837C32C9509A6000D87BC = {
						CreatedOnToolsVersion = 15.4;
					};
				};
			};
			buildConfigurationList = 614523282C86AFB8000BD443 /* Build configuration list for PBXProject "Shark-IOS" */;
			compatibilityVersion = "Xcode 14.0";
			developmentRegion = en;
			hasScannedForEncodings = 0;
			knownRegions = (
				en,
				Base,
			);
			mainGroup = 614523242C86AFB8000BD443;
			packageReferences = (
				614523402C86B0D1000BD443 /* XCRemoteSwiftPackageReference "frontegg-ios-swift" */,
			);
			productRefGroup = 6145232E2C86AFB8000BD443 /* Products */;
			projectDirPath = "";
			projectRoot = "";
			targets = (
				6145232C2C86AFB8000BD443 /* Shark-IOS */,
				615837C32C9509A6000D87BC /* SharkWatch Watch App */,
			);
		};
/* End PBXProject section */

/* Begin PBXResourcesBuildPhase section */
		6145232B2C86AFB8000BD443 /* Resources */ = {
			isa = PBXResourcesBuildPhase;
			buildActionMask = 2147483647;
			files = (
				618293E42C880C9B001DFFE5 /* Frontegg.plist in Resources */,
				618293EC2C880C9B001DFFE5 /* Preview Assets.xcassets in Resources */,
				618293E62C880C9B001DFFE5 /* Assets.xcassets in Resources */,
			);
			runOnlyForDeploymentPostprocessing = 0;
		};
		615837C22C9509A6000D87BC /* Resources */ = {
			isa = PBXResourcesBuildPhase;
			buildActionMask = 2147483647;
			files = (
				615837CE2C9509A8000D87BC /* Preview Assets.xcassets in Resources */,
				615837CB2C9509A8000D87BC /* Assets.xcassets in Resources */,
			);
			runOnlyForDeploymentPostprocessing = 0;
		};
/* End PBXResourcesBuildPhase section */

/* Begin PBXSourcesBuildPhase section */
		614523292C86AFB8000BD443 /* Sources */ = {
			isa = PBXSourcesBuildPhase;
			buildActionMask = 2147483647;
			files = (
				618293E82C880C9B001DFFE5 /* Workout.swift in Sources */,
				618293E32C880C9B001DFFE5 /* AppView.swift in Sources */,
				618293EE2C880C9B001DFFE5 /* WelcomeView.swift in Sources */,
				610935F22C8D5D940007967E /* SettingsView.swift in Sources */,
				618293F22C880C9B001DFFE5 /* SetsCardView.swift in Sources */,
				618293EB2C880C9B001DFFE5 /* Set.swift in Sources */,
				618293F12C880C9B001DFFE5 /* ExerciseView.swift in Sources */,
				618293E72C880C9B001DFFE5 /* NetworkError.swift in Sources */,
				610935F62C8D5FE20007967E /* Trainor.swift in Sources */,
				618293F42C880C9B001DFFE5 /* AnalyticsView.swift in Sources */,
				618293F62C880C9B001DFFE5 /* ProgramService.swift in Sources */,
				612D5C542C92F68400880B32 /* HealthStore.swift in Sources */,
				618293EA2C880C9B001DFFE5 /* Program.swift in Sources */,
				618293F32C880C9B001DFFE5 /* SharkView.swift in Sources */,
				618293F52C880C9B001DFFE5 /* ContentView.swift in Sources */,
				618293E92C880C9B001DFFE5 /* Exercise.swift in Sources */,
				618293ED2C880C9B001DFFE5 /* WorkoutsView.swift in Sources */,
				618293F02C880C9B001DFFE5 /* ProgramsView.swift in Sources */,
				615837BF2C950523000D87BC /* WorkoutService.swift in Sources */,
				618293EF2C880C9B001DFFE5 /* ProgramDetailsView.swift in Sources */,
				618293E52C880C9B001DFFE5 /* Shart_IOSApp.swift in Sources */,
			);
			runOnlyForDeploymentPostprocessing = 0;
		};
		615837C02C9509A6000D87BC /* Sources */ = {
			isa = PBXSourcesBuildPhase;
			buildActionMask = 2147483647;
			files = (
				617219232C9511A600D39097 /* WCSessionDelegate.swift in Sources */,
				617219262C951B7300D39097 /* MainView.swift in Sources */,
				615837C92C9509A6000D87BC /* ContentView.swift in Sources */,
				615837C72C9509A6000D87BC /* SharkWatchApp.swift in Sources */,
			);
			runOnlyForDeploymentPostprocessing = 0;
		};
/* End PBXSourcesBuildPhase section */

/* Begin PBXTargetDependency section */
		615837D02C9509A8000D87BC /* PBXTargetDependency */ = {
			isa = PBXTargetDependency;
			target = 615837C32C9509A6000D87BC /* SharkWatch Watch App */;
			targetProxy = 615837CF2C9509A8000D87BC /* PBXContainerItemProxy */;
		};
/* End PBXTargetDependency section */

/* Begin XCBuildConfiguration section */
		614523392C86AFBA000BD443 /* Debug */ = {
			isa = XCBuildConfiguration;
			buildSettings = {
				ALWAYS_SEARCH_USER_PATHS = NO;
				ASSETCATALOG_COMPILER_GENERATE_SWIFT_ASSET_SYMBOL_EXTENSIONS = YES;
				CLANG_ANALYZER_NONNULL = YES;
				CLANG_ANALYZER_NUMBER_OBJECT_CONVERSION = YES_AGGRESSIVE;
				CLANG_CXX_LANGUAGE_STANDARD = "gnu++20";
				CLANG_ENABLE_MODULES = YES;
				CLANG_ENABLE_OBJC_ARC = YES;
				CLANG_ENABLE_OBJC_WEAK = YES;
				CLANG_WARN_BLOCK_CAPTURE_AUTORELEASING = YES;
				CLANG_WARN_BOOL_CONVERSION = YES;
				CLANG_WARN_COMMA = YES;
				CLANG_WARN_CONSTANT_CONVERSION = YES;
				CLANG_WARN_DEPRECATED_OBJC_IMPLEMENTATIONS = YES;
				CLANG_WARN_DIRECT_OBJC_ISA_USAGE = YES_ERROR;
				CLANG_WARN_DOCUMENTATION_COMMENTS = YES;
				CLANG_WARN_EMPTY_BODY = YES;
				CLANG_WARN_ENUM_CONVERSION = YES;
				CLANG_WARN_INFINITE_RECURSION = YES;
				CLANG_WARN_INT_CONVERSION = YES;
				CLANG_WARN_NON_LITERAL_NULL_CONVERSION = YES;
				CLANG_WARN_OBJC_IMPLICIT_RETAIN_SELF = YES;
				CLANG_WARN_OBJC_LITERAL_CONVERSION = YES;
				CLANG_WARN_OBJC_ROOT_CLASS = YES_ERROR;
				CLANG_WARN_QUOTED_INCLUDE_IN_FRAMEWORK_HEADER = YES;
				CLANG_WARN_RANGE_LOOP_ANALYSIS = YES;
				CLANG_WARN_STRICT_PROTOTYPES = YES;
				CLANG_WARN_SUSPICIOUS_MOVE = YES;
				CLANG_WARN_UNGUARDED_AVAILABILITY = YES_AGGRESSIVE;
				CLANG_WARN_UNREACHABLE_CODE = YES;
				CLANG_WARN__DUPLICATE_METHOD_MATCH = YES;
				COPY_PHASE_STRIP = NO;
				DEBUG_INFORMATION_FORMAT = dwarf;
				ENABLE_STRICT_OBJC_MSGSEND = YES;
				ENABLE_TESTABILITY = YES;
				ENABLE_USER_SCRIPT_SANDBOXING = YES;
				GCC_C_LANGUAGE_STANDARD = gnu17;
				GCC_DYNAMIC_NO_PIC = NO;
				GCC_NO_COMMON_BLOCKS = YES;
				GCC_OPTIMIZATION_LEVEL = 0;
				GCC_PREPROCESSOR_DEFINITIONS = (
					"DEBUG=1",
					"$(inherited)",
				);
				GCC_WARN_64_TO_32_BIT_CONVERSION = YES;
				GCC_WARN_ABOUT_RETURN_TYPE = YES_ERROR;
				GCC_WARN_UNDECLARED_SELECTOR = YES;
				GCC_WARN_UNINITIALIZED_AUTOS = YES_AGGRESSIVE;
				GCC_WARN_UNUSED_FUNCTION = YES;
				GCC_WARN_UNUSED_VARIABLE = YES;
				IPHONEOS_DEPLOYMENT_TARGET = 17.2;
				LOCALIZATION_PREFERS_STRING_CATALOGS = YES;
				MTL_ENABLE_DEBUG_INFO = INCLUDE_SOURCE;
				MTL_FAST_MATH = YES;
				ONLY_ACTIVE_ARCH = YES;
				SDKROOT = iphoneos;
				SWIFT_ACTIVE_COMPILATION_CONDITIONS = "DEBUG $(inherited)";
				SWIFT_OPTIMIZATION_LEVEL = "-Onone";
			};
			name = Debug;
		};
		6145233A2C86AFBA000BD443 /* Release */ = {
			isa = XCBuildConfiguration;
			buildSettings = {
				ALWAYS_SEARCH_USER_PATHS = NO;
				ASSETCATALOG_COMPILER_GENERATE_SWIFT_ASSET_SYMBOL_EXTENSIONS = YES;
				CLANG_ANALYZER_NONNULL = YES;
				CLANG_ANALYZER_NUMBER_OBJECT_CONVERSION = YES_AGGRESSIVE;
				CLANG_CXX_LANGUAGE_STANDARD = "gnu++20";
				CLANG_ENABLE_MODULES = YES;
				CLANG_ENABLE_OBJC_ARC = YES;
				CLANG_ENABLE_OBJC_WEAK = YES;
				CLANG_WARN_BLOCK_CAPTURE_AUTORELEASING = YES;
				CLANG_WARN_BOOL_CONVERSION = YES;
				CLANG_WARN_COMMA = YES;
				CLANG_WARN_CONSTANT_CONVERSION = YES;
				CLANG_WARN_DEPRECATED_OBJC_IMPLEMENTATIONS = YES;
				CLANG_WARN_DIRECT_OBJC_ISA_USAGE = YES_ERROR;
				CLANG_WARN_DOCUMENTATION_COMMENTS = YES;
				CLANG_WARN_EMPTY_BODY = YES;
				CLANG_WARN_ENUM_CONVERSION = YES;
				CLANG_WARN_INFINITE_RECURSION = YES;
				CLANG_WARN_INT_CONVERSION = YES;
				CLANG_WARN_NON_LITERAL_NULL_CONVERSION = YES;
				CLANG_WARN_OBJC_IMPLICIT_RETAIN_SELF = YES;
				CLANG_WARN_OBJC_LITERAL_CONVERSION = YES;
				CLANG_WARN_OBJC_ROOT_CLASS = YES_ERROR;
				CLANG_WARN_QUOTED_INCLUDE_IN_FRAMEWORK_HEADER = YES;
				CLANG_WARN_RANGE_LOOP_ANALYSIS = YES;
				CLANG_WARN_STRICT_PROTOTYPES = YES;
				CLANG_WARN_SUSPICIOUS_MOVE = YES;
				CLANG_WARN_UNGUARDED_AVAILABILITY = YES_AGGRESSIVE;
				CLANG_WARN_UNREACHABLE_CODE = YES;
				CLANG_WARN__DUPLICATE_METHOD_MATCH = YES;
				COPY_PHASE_STRIP = NO;
				DEBUG_INFORMATION_FORMAT = "dwarf-with-dsym";
				ENABLE_NS_ASSERTIONS = NO;
				ENABLE_STRICT_OBJC_MSGSEND = YES;
				ENABLE_USER_SCRIPT_SANDBOXING = YES;
				GCC_C_LANGUAGE_STANDARD = gnu17;
				GCC_NO_COMMON_BLOCKS = YES;
				GCC_WARN_64_TO_32_BIT_CONVERSION = YES;
				GCC_WARN_ABOUT_RETURN_TYPE = YES_ERROR;
				GCC_WARN_UNDECLARED_SELECTOR = YES;
				GCC_WARN_UNINITIALIZED_AUTOS = YES_AGGRESSIVE;
				GCC_WARN_UNUSED_FUNCTION = YES;
				GCC_WARN_UNUSED_VARIABLE = YES;
				IPHONEOS_DEPLOYMENT_TARGET = 17.2;
				LOCALIZATION_PREFERS_STRING_CATALOGS = YES;
				MTL_ENABLE_DEBUG_INFO = NO;
				MTL_FAST_MATH = YES;
				SDKROOT = iphoneos;
				SWIFT_COMPILATION_MODE = wholemodule;
				VALIDATE_PRODUCT = YES;
			};
			name = Release;
		};
		6145233C2C86AFBA000BD443 /* Debug */ = {
			isa = XCBuildConfiguration;
			buildSettings = {
				ALWAYS_EMBED_SWIFT_STANDARD_LIBRARIES = YES;
				ASSETCATALOG_COMPILER_APPICON_NAME = AppIcon;
				ASSETCATALOG_COMPILER_GLOBAL_ACCENT_COLOR_NAME = AccentColor;
				CODE_SIGN_ENTITLEMENTS = "Shark-IOS/Shark-IOS.entitlements";
				CODE_SIGN_STYLE = Automatic;
				CURRENT_PROJECT_VERSION = 1;
				DEVELOPMENT_ASSET_PATHS = "\"SharK-IOS/Preview Content\"";
				DEVELOPMENT_TEAM = B5BDAQU6WD;
				ENABLE_PREVIEWS = YES;
				GENERATE_INFOPLIST_FILE = YES;
				INFOPLIST_FILE = "Shark-IOS/Info.plist";
				INFOPLIST_KEY_CFBundleDisplayName = Shark;
				INFOPLIST_KEY_LSApplicationCategoryType = "public.app-category.healthcare-fitness";
				INFOPLIST_KEY_NSHealthClinicalHealthRecordsShareUsageDescription = "Using the alert Trainor of what is happening during workouts";
				INFOPLIST_KEY_NSHealthShareUsageDescription = "I want to let the trainor know what is happening on wokrouts";
				INFOPLIST_KEY_NSHealthUpdateUsageDescription = "We will not be updating data";
				INFOPLIST_KEY_UIApplicationSceneManifest_Generation = YES;
				INFOPLIST_KEY_UIApplicationSupportsIndirectInputEvents = YES;
				INFOPLIST_KEY_UILaunchScreen_Generation = YES;
				INFOPLIST_KEY_UISupportedInterfaceOrientations = UIInterfaceOrientationPortrait;
				INFOPLIST_KEY_UISupportedInterfaceOrientations_iPad = "UIInterfaceOrientationLandscapeLeft UIInterfaceOrientationLandscapeRight UIInterfaceOrientationPortrait UIInterfaceOrientationPortraitUpsideDown";
				LD_RUNPATH_SEARCH_PATHS = (
					"$(inherited)",
					"@executable_path/Frameworks",
				);
				MARKETING_VERSION = 1.0;
				PRODUCT_BUNDLE_IDENTIFIER = "jen.sunset.Shart-IOS";
				PRODUCT_NAME = "$(TARGET_NAME)";
				SUPPORTED_PLATFORMS = "iphoneos iphonesimulator";
				SUPPORTS_MACCATALYST = NO;
				SUPPORTS_MAC_DESIGNED_FOR_IPHONE_IPAD = NO;
				SUPPORTS_XR_DESIGNED_FOR_IPHONE_IPAD = NO;
				SWIFT_EMIT_LOC_STRINGS = YES;
				SWIFT_VERSION = 5.0;
				TARGETED_DEVICE_FAMILY = 1;
			};
			name = Debug;
		};
		6145233D2C86AFBA000BD443 /* Release */ = {
			isa = XCBuildConfiguration;
			buildSettings = {
				ALWAYS_EMBED_SWIFT_STANDARD_LIBRARIES = YES;
				ASSETCATALOG_COMPILER_APPICON_NAME = AppIcon;
				ASSETCATALOG_COMPILER_GLOBAL_ACCENT_COLOR_NAME = AccentColor;
				CODE_SIGN_ENTITLEMENTS = "Shark-IOS/Shark-IOS.entitlements";
				CODE_SIGN_STYLE = Automatic;
				CURRENT_PROJECT_VERSION = 1;
				DEVELOPMENT_ASSET_PATHS = "\"SharK-IOS/Preview Content\"";
				DEVELOPMENT_TEAM = B5BDAQU6WD;
				ENABLE_PREVIEWS = YES;
				GENERATE_INFOPLIST_FILE = YES;
				INFOPLIST_FILE = "Shark-IOS/Info.plist";
				INFOPLIST_KEY_CFBundleDisplayName = Shark;
				INFOPLIST_KEY_LSApplicationCategoryType = "public.app-category.healthcare-fitness";
				INFOPLIST_KEY_NSHealthClinicalHealthRecordsShareUsageDescription = "Using the alert Trainor of what is happening during workouts";
				INFOPLIST_KEY_NSHealthShareUsageDescription = "I want to let the trainor know what is happening on wokrouts";
				INFOPLIST_KEY_NSHealthUpdateUsageDescription = "We will not be updating data";
				INFOPLIST_KEY_UIApplicationSceneManifest_Generation = YES;
				INFOPLIST_KEY_UIApplicationSupportsIndirectInputEvents = YES;
				INFOPLIST_KEY_UILaunchScreen_Generation = YES;
				INFOPLIST_KEY_UISupportedInterfaceOrientations = UIInterfaceOrientationPortrait;
				INFOPLIST_KEY_UISupportedInterfaceOrientations_iPad = "UIInterfaceOrientationLandscapeLeft UIInterfaceOrientationLandscapeRight UIInterfaceOrientationPortrait UIInterfaceOrientationPortraitUpsideDown";
				LD_RUNPATH_SEARCH_PATHS = (
					"$(inherited)",
					"@executable_path/Frameworks",
				);
				MARKETING_VERSION = 1.0;
				PRODUCT_BUNDLE_IDENTIFIER = "jen.sunset.Shart-IOS";
				PRODUCT_NAME = "$(TARGET_NAME)";
				SUPPORTED_PLATFORMS = "iphoneos iphonesimulator";
				SUPPORTS_MACCATALYST = NO;
				SUPPORTS_MAC_DESIGNED_FOR_IPHONE_IPAD = NO;
				SUPPORTS_XR_DESIGNED_FOR_IPHONE_IPAD = NO;
				SWIFT_EMIT_LOC_STRINGS = YES;
				SWIFT_VERSION = 5.0;
				TARGETED_DEVICE_FAMILY = 1;
			};
			name = Release;
		};
		615837D32C9509A8000D87BC /* Debug */ = {
			isa = XCBuildConfiguration;
			buildSettings = {
				ASSETCATALOG_COMPILER_APPICON_NAME = AppIcon;
				ASSETCATALOG_COMPILER_GLOBAL_ACCENT_COLOR_NAME = AccentColor;
				CODE_SIGN_STYLE = Automatic;
				CURRENT_PROJECT_VERSION = 1;
				DEVELOPMENT_ASSET_PATHS = "\"SharkWatch Watch App/Preview Content\"";
				DEVELOPMENT_TEAM = B5BDAQU6WD;
				ENABLE_PREVIEWS = YES;
				GENERATE_INFOPLIST_FILE = YES;
				INFOPLIST_KEY_CFBundleDisplayName = SharkWatch;
				INFOPLIST_KEY_UISupportedInterfaceOrientations = "UIInterfaceOrientationPortrait UIInterfaceOrientationPortraitUpsideDown";
				INFOPLIST_KEY_WKCompanionAppBundleIdentifier = "jen.sunset.Shart-IOS";
				LD_RUNPATH_SEARCH_PATHS = (
					"$(inherited)",
					"@executable_path/Frameworks",
				);
				MARKETING_VERSION = 1.0;
				PRODUCT_BUNDLE_IDENTIFIER = "jen.sunset.Shart-IOS.watchkitapp";
				PRODUCT_NAME = "$(TARGET_NAME)";
				SDKROOT = watchos;
				SKIP_INSTALL = YES;
				SWIFT_EMIT_LOC_STRINGS = YES;
				SWIFT_VERSION = 5.0;
				TARGETED_DEVICE_FAMILY = 4;
				WATCHOS_DEPLOYMENT_TARGET = 8.0;
			};
			name = Debug;
		};
		615837D42C9509A8000D87BC /* Release */ = {
			isa = XCBuildConfiguration;
			buildSettings = {
				ASSETCATALOG_COMPILER_APPICON_NAME = AppIcon;
				ASSETCATALOG_COMPILER_GLOBAL_ACCENT_COLOR_NAME = AccentColor;
				CODE_SIGN_STYLE = Automatic;
				CURRENT_PROJECT_VERSION = 1;
				DEVELOPMENT_ASSET_PATHS = "\"SharkWatch Watch App/Preview Content\"";
				DEVELOPMENT_TEAM = B5BDAQU6WD;
				ENABLE_PREVIEWS = YES;
				GENERATE_INFOPLIST_FILE = YES;
				INFOPLIST_KEY_CFBundleDisplayName = SharkWatch;
				INFOPLIST_KEY_UISupportedInterfaceOrientations = "UIInterfaceOrientationPortrait UIInterfaceOrientationPortraitUpsideDown";
				INFOPLIST_KEY_WKCompanionAppBundleIdentifier = "jen.sunset.Shart-IOS";
				LD_RUNPATH_SEARCH_PATHS = (
					"$(inherited)",
					"@executable_path/Frameworks",
				);
				MARKETING_VERSION = 1.0;
				PRODUCT_BUNDLE_IDENTIFIER = "jen.sunset.Shart-IOS.watchkitapp";
				PRODUCT_NAME = "$(TARGET_NAME)";
				SDKROOT = watchos;
				SKIP_INSTALL = YES;
				SWIFT_EMIT_LOC_STRINGS = YES;
				SWIFT_VERSION = 5.0;
				TARGETED_DEVICE_FAMILY = 4;
				WATCHOS_DEPLOYMENT_TARGET = 8.0;
			};
			name = Release;
		};
/* End XCBuildConfiguration section */

/* Begin XCConfigurationList section */
		614523282C86AFB8000BD443 /* Build configuration list for PBXProject "Shark-IOS" */ = {
			isa = XCConfigurationList;
			buildConfigurations = (
				614523392C86AFBA000BD443 /* Debug */,
				6145233A2C86AFBA000BD443 /* Release */,
			);
			defaultConfigurationIsVisible = 0;
			defaultConfigurationName = Release;
		};
		6145233B2C86AFBA000BD443 /* Build configuration list for PBXNativeTarget "Shark-IOS" */ = {
			isa = XCConfigurationList;
			buildConfigurations = (
				6145233C2C86AFBA000BD443 /* Debug */,
				6145233D2C86AFBA000BD443 /* Release */,
			);
			defaultConfigurationIsVisible = 0;
			defaultConfigurationName = Release;
		};
		615837D22C9509A8000D87BC /* Build configuration list for PBXNativeTarget "SharkWatch Watch App" */ = {
			isa = XCConfigurationList;
			buildConfigurations = (
				615837D32C9509A8000D87BC /* Debug */,
				615837D42C9509A8000D87BC /* Release */,
			);
			defaultConfigurationIsVisible = 0;
			defaultConfigurationName = Release;
		};
/* End XCConfigurationList section */

/* Begin XCRemoteSwiftPackageReference section */
		614523402C86B0D1000BD443 /* XCRemoteSwiftPackageReference "frontegg-ios-swift" */ = {
			isa = XCRemoteSwiftPackageReference;
			repositoryURL = "https://github.com/frontegg/frontegg-ios-swift.git";
			requirement = {
				kind = upToNextMajorVersion;
				minimumVersion = 1.2.18;
			};
		};
/* End XCRemoteSwiftPackageReference section */

/* Begin XCSwiftPackageProductDependency section */
		614523412C86B0D1000BD443 /* FronteggSwift */ = {
			isa = XCSwiftPackageProductDependency;
			package = 614523402C86B0D1000BD443 /* XCRemoteSwiftPackageReference "frontegg-ios-swift" */;
			productName = FronteggSwift;
		};
		614523452C86B4CA000BD443 /* FronteggSwift */ = {
			isa = XCSwiftPackageProductDependency;
			package = 614523402C86B0D1000BD443 /* XCRemoteSwiftPackageReference "frontegg-ios-swift" */;
			productName = FronteggSwift;
		};
/* End XCSwiftPackageProductDependency section */
	};
	rootObject = 614523252C86AFB8000BD443 /* Project object */;
}
