// !$*UTF8*$!
{
	archiveVersion = 1;
	classes = {
	};
	objectVersion = 56;
	objects = {

/* Begin PBXBuildFile section */
		6109156B2C87EAD4002D3652 /* ExerciseView.swift in Sources */ = {isa = PBXBuildFile; fileRef = 6109156A2C87EAD4002D3652 /* ExerciseView.swift */; };
		614523312C86AFB8000BD443 /* Shart_IOSApp.swift in Sources */ = {isa = PBXBuildFile; fileRef = 614523302C86AFB8000BD443 /* Shart_IOSApp.swift */; };
		614523332C86AFB8000BD443 /* ContentView.swift in Sources */ = {isa = PBXBuildFile; fileRef = 614523322C86AFB8000BD443 /* ContentView.swift */; };
		614523352C86AFBA000BD443 /* Assets.xcassets in Resources */ = {isa = PBXBuildFile; fileRef = 614523342C86AFBA000BD443 /* Assets.xcassets */; };
		614523382C86AFBA000BD443 /* Preview Assets.xcassets in Resources */ = {isa = PBXBuildFile; fileRef = 614523372C86AFBA000BD443 /* Preview Assets.xcassets */; };
		614523422C86B0D1000BD443 /* FronteggSwift in Frameworks */ = {isa = PBXBuildFile; productRef = 614523412C86B0D1000BD443 /* FronteggSwift */; };
		614523442C86B289000BD443 /* Frontegg.plist in Resources */ = {isa = PBXBuildFile; fileRef = 614523432C86B289000BD443 /* Frontegg.plist */; };
		614523462C86B4CA000BD443 /* FronteggSwift in Frameworks */ = {isa = PBXBuildFile; productRef = 614523452C86B4CA000BD443 /* FronteggSwift */; };
		614523482C86B74B000BD443 /* AppView.swift in Sources */ = {isa = PBXBuildFile; fileRef = 614523472C86B74B000BD443 /* AppView.swift */; };
		6145234B2C86B7BB000BD443 /* WelcomeView.swift in Sources */ = {isa = PBXBuildFile; fileRef = 6145234A2C86B7BB000BD443 /* WelcomeView.swift */; };
		6145234D2C86B98B000BD443 /* SharkView.swift in Sources */ = {isa = PBXBuildFile; fileRef = 6145234C2C86B98A000BD443 /* SharkView.swift */; };
		614523502C86B9F6000BD443 /* ProgramsView.swift in Sources */ = {isa = PBXBuildFile; fileRef = 6145234F2C86B9F6000BD443 /* ProgramsView.swift */; };
		614523532C86BA13000BD443 /* WorkoutsView.swift in Sources */ = {isa = PBXBuildFile; fileRef = 614523522C86BA13000BD443 /* WorkoutsView.swift */; };
		614523562C86BA34000BD443 /* AnalyticsView.swift in Sources */ = {isa = PBXBuildFile; fileRef = 614523552C86BA34000BD443 /* AnalyticsView.swift */; };
		614523592C86BB71000BD443 /* Program.swift in Sources */ = {isa = PBXBuildFile; fileRef = 614523582C86BB71000BD443 /* Program.swift */; };
		6145235B2C86BB7E000BD443 /* Workout.swift in Sources */ = {isa = PBXBuildFile; fileRef = 6145235A2C86BB7E000BD443 /* Workout.swift */; };
		6145235D2C86BB8F000BD443 /* Exercise.swift in Sources */ = {isa = PBXBuildFile; fileRef = 6145235C2C86BB8F000BD443 /* Exercise.swift */; };
		6145235F2C86BBB3000BD443 /* Set.swift in Sources */ = {isa = PBXBuildFile; fileRef = 6145235E2C86BBB3000BD443 /* Set.swift */; };
		614523622C86BBF7000BD443 /* NetworkError.swift in Sources */ = {isa = PBXBuildFile; fileRef = 614523612C86BBF7000BD443 /* NetworkError.swift */; };
		614523652C86BC17000BD443 /* ProgramService.swift in Sources */ = {isa = PBXBuildFile; fileRef = 614523642C86BC17000BD443 /* ProgramService.swift */; };
		614523672C86BDBA000BD443 /* ProgramDetailsView.swift in Sources */ = {isa = PBXBuildFile; fileRef = 614523662C86BDBA000BD443 /* ProgramDetailsView.swift */; };
		618D72FE2C87F15A00B10D5A /* SetsCardView.swift in Sources */ = {isa = PBXBuildFile; fileRef = 618D72FD2C87F15A00B10D5A /* SetsCardView.swift */; };
/* End PBXBuildFile section */

/* Begin PBXFileReference section */
		6109156A2C87EAD4002D3652 /* ExerciseView.swift */ = {isa = PBXFileReference; lastKnownFileType = sourcecode.swift; path = ExerciseView.swift; sourceTree = "<group>"; };
		6145232D2C86AFB8000BD443 /* Shart-IOS.app */ = {isa = PBXFileReference; explicitFileType = wrapper.application; includeInIndex = 0; path = "Shart-IOS.app"; sourceTree = BUILT_PRODUCTS_DIR; };
		614523302C86AFB8000BD443 /* Shart_IOSApp.swift */ = {isa = PBXFileReference; lastKnownFileType = sourcecode.swift; path = Shart_IOSApp.swift; sourceTree = "<group>"; };
		614523322C86AFB8000BD443 /* ContentView.swift */ = {isa = PBXFileReference; lastKnownFileType = sourcecode.swift; path = ContentView.swift; sourceTree = "<group>"; };
		614523342C86AFBA000BD443 /* Assets.xcassets */ = {isa = PBXFileReference; lastKnownFileType = folder.assetcatalog; path = Assets.xcassets; sourceTree = "<group>"; };
		614523372C86AFBA000BD443 /* Preview Assets.xcassets */ = {isa = PBXFileReference; lastKnownFileType = folder.assetcatalog; path = "Preview Assets.xcassets"; sourceTree = "<group>"; };
		614523432C86B289000BD443 /* Frontegg.plist */ = {isa = PBXFileReference; lastKnownFileType = text.plist.xml; path = Frontegg.plist; sourceTree = "<group>"; };
		614523472C86B74B000BD443 /* AppView.swift */ = {isa = PBXFileReference; lastKnownFileType = sourcecode.swift; path = AppView.swift; sourceTree = "<group>"; };
		6145234A2C86B7BB000BD443 /* WelcomeView.swift */ = {isa = PBXFileReference; lastKnownFileType = sourcecode.swift; path = WelcomeView.swift; sourceTree = "<group>"; };
		6145234C2C86B98A000BD443 /* SharkView.swift */ = {isa = PBXFileReference; lastKnownFileType = sourcecode.swift; path = SharkView.swift; sourceTree = "<group>"; };
		6145234F2C86B9F6000BD443 /* ProgramsView.swift */ = {isa = PBXFileReference; lastKnownFileType = sourcecode.swift; path = ProgramsView.swift; sourceTree = "<group>"; };
		614523522C86BA13000BD443 /* WorkoutsView.swift */ = {isa = PBXFileReference; lastKnownFileType = sourcecode.swift; path = WorkoutsView.swift; sourceTree = "<group>"; };
		614523552C86BA34000BD443 /* AnalyticsView.swift */ = {isa = PBXFileReference; lastKnownFileType = sourcecode.swift; path = AnalyticsView.swift; sourceTree = "<group>"; };
		614523582C86BB71000BD443 /* Program.swift */ = {isa = PBXFileReference; lastKnownFileType = sourcecode.swift; path = Program.swift; sourceTree = "<group>"; };
		6145235A2C86BB7E000BD443 /* Workout.swift */ = {isa = PBXFileReference; lastKnownFileType = sourcecode.swift; path = Workout.swift; sourceTree = "<group>"; };
		6145235C2C86BB8F000BD443 /* Exercise.swift */ = {isa = PBXFileReference; lastKnownFileType = sourcecode.swift; path = Exercise.swift; sourceTree = "<group>"; };
		6145235E2C86BBB3000BD443 /* Set.swift */ = {isa = PBXFileReference; lastKnownFileType = sourcecode.swift; path = Set.swift; sourceTree = "<group>"; };
		614523612C86BBF7000BD443 /* NetworkError.swift */ = {isa = PBXFileReference; lastKnownFileType = sourcecode.swift; path = NetworkError.swift; sourceTree = "<group>"; };
		614523642C86BC17000BD443 /* ProgramService.swift */ = {isa = PBXFileReference; lastKnownFileType = sourcecode.swift; path = ProgramService.swift; sourceTree = "<group>"; };
		614523662C86BDBA000BD443 /* ProgramDetailsView.swift */ = {isa = PBXFileReference; lastKnownFileType = sourcecode.swift; path = ProgramDetailsView.swift; sourceTree = "<group>"; };
		618D72FD2C87F15A00B10D5A /* SetsCardView.swift */ = {isa = PBXFileReference; lastKnownFileType = sourcecode.swift; path = SetsCardView.swift; sourceTree = "<group>"; };
/* End PBXFileReference section */

/* Begin PBXFrameworksBuildPhase section */
		6145232A2C86AFB8000BD443 /* Frameworks */ = {
			isa = PBXFrameworksBuildPhase;
			buildActionMask = 2147483647;
			files = (
				614523462C86B4CA000BD443 /* FronteggSwift in Frameworks */,
				614523422C86B0D1000BD443 /* FronteggSwift in Frameworks */,
			);
			runOnlyForDeploymentPostprocessing = 0;
		};
/* End PBXFrameworksBuildPhase section */

/* Begin PBXGroup section */
		009999BA38EBD167170B4026 /* Exercises */ = {
			isa = PBXGroup;
			children = (
				6109156A2C87EAD4002D3652 /* ExerciseView.swift */,
			);
			path = Exercises;
			sourceTree = "<group>";
		};
		614523242C86AFB8000BD443 = {
			isa = PBXGroup;
			children = (
				6145232F2C86AFB8000BD443 /* Shart-IOS */,
				6145232E2C86AFB8000BD443 /* Products */,
			);
			sourceTree = "<group>";
		};
		6145232E2C86AFB8000BD443 /* Products */ = {
			isa = PBXGroup;
			children = (
				6145232D2C86AFB8000BD443 /* Shart-IOS.app */,
			);
			name = Products;
			sourceTree = "<group>";
		};
		6145232F2C86AFB8000BD443 /* Shart-IOS */ = {
			isa = PBXGroup;
			children = (
				614523632C86BC03000BD443 /* Services */,
				614523602C86BBEC000BD443 /* Shared */,
				614523572C86BB68000BD443 /* Models */,
				614523492C86B7AE000BD443 /* Views */,
				614523432C86B289000BD443 /* Frontegg.plist */,
				614523302C86AFB8000BD443 /* Shart_IOSApp.swift */,
				614523322C86AFB8000BD443 /* ContentView.swift */,
				614523342C86AFBA000BD443 /* Assets.xcassets */,
				614523362C86AFBA000BD443 /* Preview Content */,
				614523472C86B74B000BD443 /* AppView.swift */,
			);
			path = "Shart-IOS";
			sourceTree = "<group>";
		};
		614523362C86AFBA000BD443 /* Preview Content */ = {
			isa = PBXGroup;
			children = (
				614523372C86AFBA000BD443 /* Preview Assets.xcassets */,
			);
			path = "Preview Content";
			sourceTree = "<group>";
		};
		614523492C86B7AE000BD443 /* Views */ = {
			isa = PBXGroup;
			children = (
				618D72FC2C87F14A00B10D5A /* Sets */,
				009999BA38EBD167170B4026 /* Exercises */,
				614523542C86BA28000BD443 /* Analytics */,
				614523512C86BA08000BD443 /* Workouts */,
				6145234E2C86B9E6000BD443 /* Programs */,
				6145234A2C86B7BB000BD443 /* WelcomeView.swift */,
				6145234C2C86B98A000BD443 /* SharkView.swift */,
			);
			path = Views;
			sourceTree = "<group>";
		};
		6145234E2C86B9E6000BD443 /* Programs */ = {
			isa = PBXGroup;
			children = (
				6145234F2C86B9F6000BD443 /* ProgramsView.swift */,
				614523662C86BDBA000BD443 /* ProgramDetailsView.swift */,
			);
			path = Programs;
			sourceTree = "<group>";
		};
		614523512C86BA08000BD443 /* Workouts */ = {
			isa = PBXGroup;
			children = (
				614523522C86BA13000BD443 /* WorkoutsView.swift */,
			);
			path = Workouts;
			sourceTree = "<group>";
		};
		614523542C86BA28000BD443 /* Analytics */ = {
			isa = PBXGroup;
			children = (
				614523552C86BA34000BD443 /* AnalyticsView.swift */,
			);
			path = Analytics;
			sourceTree = "<group>";
		};
		614523572C86BB68000BD443 /* Models */ = {
			isa = PBXGroup;
			children = (
				614523582C86BB71000BD443 /* Program.swift */,
				6145235A2C86BB7E000BD443 /* Workout.swift */,
				6145235C2C86BB8F000BD443 /* Exercise.swift */,
				6145235E2C86BBB3000BD443 /* Set.swift */,
			);
			path = Models;
			sourceTree = "<group>";
		};
		614523602C86BBEC000BD443 /* Shared */ = {
			isa = PBXGroup;
			children = (
				614523612C86BBF7000BD443 /* NetworkError.swift */,
			);
			path = Shared;
			sourceTree = "<group>";
		};
		614523632C86BC03000BD443 /* Services */ = {
			isa = PBXGroup;
			children = (
				614523642C86BC17000BD443 /* ProgramService.swift */,
			);
			path = Services;
			sourceTree = "<group>";
		};
		618D72FC2C87F14A00B10D5A /* Sets */ = {
			isa = PBXGroup;
			children = (
				618D72FD2C87F15A00B10D5A /* SetsCardView.swift */,
			);
			path = Sets;
			sourceTree = "<group>";
		};
/* End PBXGroup section */

/* Begin PBXNativeTarget section */
		6145232C2C86AFB8000BD443 /* Shart-IOS */ = {
			isa = PBXNativeTarget;
			buildConfigurationList = 6145233B2C86AFBA000BD443 /* Build configuration list for PBXNativeTarget "Shart-IOS" */;
			buildPhases = (
				614523292C86AFB8000BD443 /* Sources */,
				6145232A2C86AFB8000BD443 /* Frameworks */,
				6145232B2C86AFB8000BD443 /* Resources */,
			);
			buildRules = (
			);
			dependencies = (
			);
			name = "Shart-IOS";
			packageProductDependencies = (
				614523412C86B0D1000BD443 /* FronteggSwift */,
				614523452C86B4CA000BD443 /* FronteggSwift */,
			);
			productName = "Shart-IOS";
			productReference = 6145232D2C86AFB8000BD443 /* Shart-IOS.app */;
			productType = "com.apple.product-type.application";
		};
/* End PBXNativeTarget section */

/* Begin PBXProject section */
		614523252C86AFB8000BD443 /* Project object */ = {
			isa = PBXProject;
			attributes = {
				BuildIndependentTargetsInParallel = 1;
				LastSwiftUpdateCheck = 1510;
				LastUpgradeCheck = 1510;
				TargetAttributes = {
					6145232C2C86AFB8000BD443 = {
						CreatedOnToolsVersion = 15.1;
					};
				};
			};
			buildConfigurationList = 614523282C86AFB8000BD443 /* Build configuration list for PBXProject "Shart-IOS" */;
			compatibilityVersion = "Xcode 14.0";
			developmentRegion = en;
			hasScannedForEncodings = 0;
			knownRegions = (
				en,
				Base,
			);
			mainGroup = 614523242C86AFB8000BD443;
			packageReferences = (
				614523402C86B0D1000BD443 /* XCRemoteSwiftPackageReference "frontegg-ios-swift" */,
			);
			productRefGroup = 6145232E2C86AFB8000BD443 /* Products */;
			projectDirPath = "";
			projectRoot = "";
			targets = (
				6145232C2C86AFB8000BD443 /* Shart-IOS */,
			);
		};
/* End PBXProject section */

/* Begin PBXResourcesBuildPhase section */
		6145232B2C86AFB8000BD443 /* Resources */ = {
			isa = PBXResourcesBuildPhase;
			buildActionMask = 2147483647;
			files = (
				614523442C86B289000BD443 /* Frontegg.plist in Resources */,
				614523382C86AFBA000BD443 /* Preview Assets.xcassets in Resources */,
				614523352C86AFBA000BD443 /* Assets.xcassets in Resources */,
			);
			runOnlyForDeploymentPostprocessing = 0;
		};
/* End PBXResourcesBuildPhase section */

/* Begin PBXSourcesBuildPhase section */
		614523292C86AFB8000BD443 /* Sources */ = {
			isa = PBXSourcesBuildPhase;
			buildActionMask = 2147483647;
			files = (
				6109156B2C87EAD4002D3652 /* ExerciseView.swift in Sources */,
				614523332C86AFB8000BD443 /* ContentView.swift in Sources */,
				614523562C86BA34000BD443 /* AnalyticsView.swift in Sources */,
				614523652C86BC17000BD443 /* ProgramService.swift in Sources */,
				614523312C86AFB8000BD443 /* Shart_IOSApp.swift in Sources */,
				6145235B2C86BB7E000BD443 /* Workout.swift in Sources */,
				614523482C86B74B000BD443 /* AppView.swift in Sources */,
				6145234B2C86B7BB000BD443 /* WelcomeView.swift in Sources */,
				614523672C86BDBA000BD443 /* ProgramDetailsView.swift in Sources */,
				6145235D2C86BB8F000BD443 /* Exercise.swift in Sources */,
				618D72FE2C87F15A00B10D5A /* SetsCardView.swift in Sources */,
				614523592C86BB71000BD443 /* Program.swift in Sources */,
				6145235F2C86BBB3000BD443 /* Set.swift in Sources */,
				6145234D2C86B98B000BD443 /* SharkView.swift in Sources */,
				614523622C86BBF7000BD443 /* NetworkError.swift in Sources */,
				614523532C86BA13000BD443 /* WorkoutsView.swift in Sources */,
				614523502C86B9F6000BD443 /* ProgramsView.swift in Sources */,
			);
			runOnlyForDeploymentPostprocessing = 0;
		};
/* End PBXSourcesBuildPhase section */

/* Begin XCBuildConfiguration section */
		614523392C86AFBA000BD443 /* Debug */ = {
			isa = XCBuildConfiguration;
			buildSettings = {
				ALWAYS_SEARCH_USER_PATHS = NO;
				ASSETCATALOG_COMPILER_GENERATE_SWIFT_ASSET_SYMBOL_EXTENSIONS = YES;
				CLANG_ANALYZER_NONNULL = YES;
				CLANG_ANALYZER_NUMBER_OBJECT_CONVERSION = YES_AGGRESSIVE;
				CLANG_CXX_LANGUAGE_STANDARD = "gnu++20";
				CLANG_ENABLE_MODULES = YES;
				CLANG_ENABLE_OBJC_ARC = YES;
				CLANG_ENABLE_OBJC_WEAK = YES;
				CLANG_WARN_BLOCK_CAPTURE_AUTORELEASING = YES;
				CLANG_WARN_BOOL_CONVERSION = YES;
				CLANG_WARN_COMMA = YES;
				CLANG_WARN_CONSTANT_CONVERSION = YES;
				CLANG_WARN_DEPRECATED_OBJC_IMPLEMENTATIONS = YES;
				CLANG_WARN_DIRECT_OBJC_ISA_USAGE = YES_ERROR;
				CLANG_WARN_DOCUMENTATION_COMMENTS = YES;
				CLANG_WARN_EMPTY_BODY = YES;
				CLANG_WARN_ENUM_CONVERSION = YES;
				CLANG_WARN_INFINITE_RECURSION = YES;
				CLANG_WARN_INT_CONVERSION = YES;
				CLANG_WARN_NON_LITERAL_NULL_CONVERSION = YES;
				CLANG_WARN_OBJC_IMPLICIT_RETAIN_SELF = YES;
				CLANG_WARN_OBJC_LITERAL_CONVERSION = YES;
				CLANG_WARN_OBJC_ROOT_CLASS = YES_ERROR;
				CLANG_WARN_QUOTED_INCLUDE_IN_FRAMEWORK_HEADER = YES;
				CLANG_WARN_RANGE_LOOP_ANALYSIS = YES;
				CLANG_WARN_STRICT_PROTOTYPES = YES;
				CLANG_WARN_SUSPICIOUS_MOVE = YES;
				CLANG_WARN_UNGUARDED_AVAILABILITY = YES_AGGRESSIVE;
				CLANG_WARN_UNREACHABLE_CODE = YES;
				CLANG_WARN__DUPLICATE_METHOD_MATCH = YES;
				COPY_PHASE_STRIP = NO;
				DEBUG_INFORMATION_FORMAT = dwarf;
				ENABLE_STRICT_OBJC_MSGSEND = YES;
				ENABLE_TESTABILITY = YES;
				ENABLE_USER_SCRIPT_SANDBOXING = YES;
				GCC_C_LANGUAGE_STANDARD = gnu17;
				GCC_DYNAMIC_NO_PIC = NO;
				GCC_NO_COMMON_BLOCKS = YES;
				GCC_OPTIMIZATION_LEVEL = 0;
				GCC_PREPROCESSOR_DEFINITIONS = (
					"DEBUG=1",
					"$(inherited)",
				);
				GCC_WARN_64_TO_32_BIT_CONVERSION = YES;
				GCC_WARN_ABOUT_RETURN_TYPE = YES_ERROR;
				GCC_WARN_UNDECLARED_SELECTOR = YES;
				GCC_WARN_UNINITIALIZED_AUTOS = YES_AGGRESSIVE;
				GCC_WARN_UNUSED_FUNCTION = YES;
				GCC_WARN_UNUSED_VARIABLE = YES;
				IPHONEOS_DEPLOYMENT_TARGET = 17.2;
				LOCALIZATION_PREFERS_STRING_CATALOGS = YES;
				MTL_ENABLE_DEBUG_INFO = INCLUDE_SOURCE;
				MTL_FAST_MATH = YES;
				ONLY_ACTIVE_ARCH = YES;
				SDKROOT = iphoneos;
				SWIFT_ACTIVE_COMPILATION_CONDITIONS = "DEBUG $(inherited)";
				SWIFT_OPTIMIZATION_LEVEL = "-Onone";
			};
			name = Debug;
		};
		6145233A2C86AFBA000BD443 /* Release */ = {
			isa = XCBuildConfiguration;
			buildSettings = {
				ALWAYS_SEARCH_USER_PATHS = NO;
				ASSETCATALOG_COMPILER_GENERATE_SWIFT_ASSET_SYMBOL_EXTENSIONS = YES;
				CLANG_ANALYZER_NONNULL = YES;
				CLANG_ANALYZER_NUMBER_OBJECT_CONVERSION = YES_AGGRESSIVE;
				CLANG_CXX_LANGUAGE_STANDARD = "gnu++20";
				CLANG_ENABLE_MODULES = YES;
				CLANG_ENABLE_OBJC_ARC = YES;
				CLANG_ENABLE_OBJC_WEAK = YES;
				CLANG_WARN_BLOCK_CAPTURE_AUTORELEASING = YES;
				CLANG_WARN_BOOL_CONVERSION = YES;
				CLANG_WARN_COMMA = YES;
				CLANG_WARN_CONSTANT_CONVERSION = YES;
				CLANG_WARN_DEPRECATED_OBJC_IMPLEMENTATIONS = YES;
				CLANG_WARN_DIRECT_OBJC_ISA_USAGE = YES_ERROR;
				CLANG_WARN_DOCUMENTATION_COMMENTS = YES;
				CLANG_WARN_EMPTY_BODY = YES;
				CLANG_WARN_ENUM_CONVERSION = YES;
				CLANG_WARN_INFINITE_RECURSION = YES;
				CLANG_WARN_INT_CONVERSION = YES;
				CLANG_WARN_NON_LITERAL_NULL_CONVERSION = YES;
				CLANG_WARN_OBJC_IMPLICIT_RETAIN_SELF = YES;
				CLANG_WARN_OBJC_LITERAL_CONVERSION = YES;
				CLANG_WARN_OBJC_ROOT_CLASS = YES_ERROR;
				CLANG_WARN_QUOTED_INCLUDE_IN_FRAMEWORK_HEADER = YES;
				CLANG_WARN_RANGE_LOOP_ANALYSIS = YES;
				CLANG_WARN_STRICT_PROTOTYPES = YES;
				CLANG_WARN_SUSPICIOUS_MOVE = YES;
				CLANG_WARN_UNGUARDED_AVAILABILITY = YES_AGGRESSIVE;
				CLANG_WARN_UNREACHABLE_CODE = YES;
				CLANG_WARN__DUPLICATE_METHOD_MATCH = YES;
				COPY_PHASE_STRIP = NO;
				DEBUG_INFORMATION_FORMAT = "dwarf-with-dsym";
				ENABLE_NS_ASSERTIONS = NO;
				ENABLE_STRICT_OBJC_MSGSEND = YES;
				ENABLE_USER_SCRIPT_SANDBOXING = YES;
				GCC_C_LANGUAGE_STANDARD = gnu17;
				GCC_NO_COMMON_BLOCKS = YES;
				GCC_WARN_64_TO_32_BIT_CONVERSION = YES;
				GCC_WARN_ABOUT_RETURN_TYPE = YES_ERROR;
				GCC_WARN_UNDECLARED_SELECTOR = YES;
				GCC_WARN_UNINITIALIZED_AUTOS = YES_AGGRESSIVE;
				GCC_WARN_UNUSED_FUNCTION = YES;
				GCC_WARN_UNUSED_VARIABLE = YES;
				IPHONEOS_DEPLOYMENT_TARGET = 17.2;
				LOCALIZATION_PREFERS_STRING_CATALOGS = YES;
				MTL_ENABLE_DEBUG_INFO = NO;
				MTL_FAST_MATH = YES;
				SDKROOT = iphoneos;
				SWIFT_COMPILATION_MODE = wholemodule;
				VALIDATE_PRODUCT = YES;
			};
			name = Release;
		};
		6145233C2C86AFBA000BD443 /* Debug */ = {
			isa = XCBuildConfiguration;
			buildSettings = {
				ASSETCATALOG_COMPILER_APPICON_NAME = AppIcon;
				ASSETCATALOG_COMPILER_GLOBAL_ACCENT_COLOR_NAME = AccentColor;
				CODE_SIGN_STYLE = Automatic;
				CURRENT_PROJECT_VERSION = 1;
				DEVELOPMENT_ASSET_PATHS = "\"Shart-IOS/Preview Content\"";
				DEVELOPMENT_TEAM = B5BDAQU6WD;
				ENABLE_PREVIEWS = YES;
				GENERATE_INFOPLIST_FILE = YES;
				INFOPLIST_KEY_CFBundleDisplayName = Shark;
				INFOPLIST_KEY_LSApplicationCategoryType = "public.app-category.healthcare-fitness";
				INFOPLIST_KEY_UIApplicationSceneManifest_Generation = YES;
				INFOPLIST_KEY_UIApplicationSupportsIndirectInputEvents = YES;
				INFOPLIST_KEY_UILaunchScreen_Generation = YES;
				INFOPLIST_KEY_UISupportedInterfaceOrientations_iPad = "UIInterfaceOrientationPortrait UIInterfaceOrientationPortraitUpsideDown UIInterfaceOrientationLandscapeLeft UIInterfaceOrientationLandscapeRight";
				INFOPLIST_KEY_UISupportedInterfaceOrientations_iPhone = "UIInterfaceOrientationPortrait UIInterfaceOrientationLandscapeLeft UIInterfaceOrientationLandscapeRight";
				LD_RUNPATH_SEARCH_PATHS = (
					"$(inherited)",
					"@executable_path/Frameworks",
				);
				MARKETING_VERSION = 1.0;
				PRODUCT_BUNDLE_IDENTIFIER = "jen.sunset.Shart-IOS";
				PRODUCT_NAME = "$(TARGET_NAME)";
				SWIFT_EMIT_LOC_STRINGS = YES;
				SWIFT_VERSION = 5.0;
				TARGETED_DEVICE_FAMILY = "1,2";
			};
			name = Debug;
		};
		6145233D2C86AFBA000BD443 /* Release */ = {
			isa = XCBuildConfiguration;
			buildSettings = {
				ASSETCATALOG_COMPILER_APPICON_NAME = AppIcon;
				ASSETCATALOG_COMPILER_GLOBAL_ACCENT_COLOR_NAME = AccentColor;
				CODE_SIGN_STYLE = Automatic;
				CURRENT_PROJECT_VERSION = 1;
				DEVELOPMENT_ASSET_PATHS = "\"Shart-IOS/Preview Content\"";
				DEVELOPMENT_TEAM = B5BDAQU6WD;
				ENABLE_PREVIEWS = YES;
				GENERATE_INFOPLIST_FILE = YES;
				INFOPLIST_KEY_CFBundleDisplayName = Shark;
				INFOPLIST_KEY_LSApplicationCategoryType = "public.app-category.healthcare-fitness";
				INFOPLIST_KEY_UIApplicationSceneManifest_Generation = YES;
				INFOPLIST_KEY_UIApplicationSupportsIndirectInputEvents = YES;
				INFOPLIST_KEY_UILaunchScreen_Generation = YES;
				INFOPLIST_KEY_UISupportedInterfaceOrientations_iPad = "UIInterfaceOrientationPortrait UIInterfaceOrientationPortraitUpsideDown UIInterfaceOrientationLandscapeLeft UIInterfaceOrientationLandscapeRight";
				INFOPLIST_KEY_UISupportedInterfaceOrientations_iPhone = "UIInterfaceOrientationPortrait UIInterfaceOrientationLandscapeLeft UIInterfaceOrientationLandscapeRight";
				LD_RUNPATH_SEARCH_PATHS = (
					"$(inherited)",
					"@executable_path/Frameworks",
				);
				MARKETING_VERSION = 1.0;
				PRODUCT_BUNDLE_IDENTIFIER = "jen.sunset.Shart-IOS";
				PRODUCT_NAME = "$(TARGET_NAME)";
				SWIFT_EMIT_LOC_STRINGS = YES;
				SWIFT_VERSION = 5.0;
				TARGETED_DEVICE_FAMILY = "1,2";
			};
			name = Release;
		};
/* End XCBuildConfiguration section */

/* Begin XCConfigurationList section */
		614523282C86AFB8000BD443 /* Build configuration list for PBXProject "Shart-IOS" */ = {
			isa = XCConfigurationList;
			buildConfigurations = (
				614523392C86AFBA000BD443 /* Debug */,
				6145233A2C86AFBA000BD443 /* Release */,
			);
			defaultConfigurationIsVisible = 0;
			defaultConfigurationName = Release;
		};
		6145233B2C86AFBA000BD443 /* Build configuration list for PBXNativeTarget "Shart-IOS" */ = {
			isa = XCConfigurationList;
			buildConfigurations = (
				6145233C2C86AFBA000BD443 /* Debug */,
				6145233D2C86AFBA000BD443 /* Release */,
			);
			defaultConfigurationIsVisible = 0;
			defaultConfigurationName = Release;
		};
/* End XCConfigurationList section */

/* Begin XCRemoteSwiftPackageReference section */
		614523402C86B0D1000BD443 /* XCRemoteSwiftPackageReference "frontegg-ios-swift" */ = {
			isa = XCRemoteSwiftPackageReference;
			repositoryURL = "https://github.com/frontegg/frontegg-ios-swift.git";
			requirement = {
				kind = upToNextMajorVersion;
				minimumVersion = 1.2.18;
			};
		};
/* End XCRemoteSwiftPackageReference section */

/* Begin XCSwiftPackageProductDependency section */
		614523412C86B0D1000BD443 /* FronteggSwift */ = {
			isa = XCSwiftPackageProductDependency;
			package = 614523402C86B0D1000BD443 /* XCRemoteSwiftPackageReference "frontegg-ios-swift" */;
			productName = FronteggSwift;
		};
		614523452C86B4CA000BD443 /* FronteggSwift */ = {
			isa = XCSwiftPackageProductDependency;
			package = 614523402C86B0D1000BD443 /* XCRemoteSwiftPackageReference "frontegg-ios-swift" */;
			productName = FronteggSwift;
		};
/* End XCSwiftPackageProductDependency section */
	};
	rootObject = 614523252C86AFB8000BD443 /* Project object */;
}
